// !$*UTF8*$!
{
	archiveVersion = 1;
	classes = {
	};
	objectVersion = 46;
	objects = {

/* Begin PBXBuildFile section */
		5F3FB67B140E8DB1001F6C07 /* UIKit.framework in Frameworks */ = {isa = PBXBuildFile; fileRef = 5F3FB67A140E8DB1001F6C07 /* UIKit.framework */; };
		5F3FB67D140E8DB1001F6C07 /* Foundation.framework in Frameworks */ = {isa = PBXBuildFile; fileRef = 5F3FB67C140E8DB1001F6C07 /* Foundation.framework */; };
		5F3FB67F140E8DB1001F6C07 /* CoreGraphics.framework in Frameworks */ = {isa = PBXBuildFile; fileRef = 5F3FB67E140E8DB1001F6C07 /* CoreGraphics.framework */; };
		5F3FB685140E8DB1001F6C07 /* InfoPlist.strings in Resources */ = {isa = PBXBuildFile; fileRef = 5F3FB683140E8DB1001F6C07 /* InfoPlist.strings */; };
		5F3FB688140E8DB1001F6C07 /* main.m in Sources */ = {isa = PBXBuildFile; fileRef = 5F3FB687140E8DB1001F6C07 /* main.m */; };
		5F3FB68B140E8DB1001F6C07 /* TestAppAppDelegate.m in Sources */ = {isa = PBXBuildFile; fileRef = 5F3FB68A140E8DB1001F6C07 /* TestAppAppDelegate.m */; };
		5F3FB68E140E8DB1001F6C07 /* MainWindow.xib in Resources */ = {isa = PBXBuildFile; fileRef = 5F3FB68C140E8DB1001F6C07 /* MainWindow.xib */; };
		5F3FB696140E90C2001F6C07 /* Controller.m in Sources */ = {isa = PBXBuildFile; fileRef = 5F3FB695140E90C2001F6C07 /* Controller.m */; };
/* End PBXBuildFile section */

/* Begin PBXFileReference section */
		5F3FB676140E8DB1001F6C07 /* TestApp.app */ = {isa = PBXFileReference; explicitFileType = wrapper.application; includeInIndex = 0; path = TestApp.app; sourceTree = BUILT_PRODUCTS_DIR; };
		5F3FB67A140E8DB1001F6C07 /* UIKit.framework */ = {isa = PBXFileReference; lastKnownFileType = wrapper.framework; name = UIKit.framework; path = System/Library/Frameworks/UIKit.framework; sourceTree = SDKROOT; };
		5F3FB67C140E8DB1001F6C07 /* Foundation.framework */ = {isa = PBXFileReference; lastKnownFileType = wrapper.framework; name = Foundation.framework; path = System/Library/Frameworks/Foundation.framework; sourceTree = SDKROOT; };
		5F3FB67E140E8DB1001F6C07 /* CoreGraphics.framework */ = {isa = PBXFileReference; lastKnownFileType = wrapper.framework; name = CoreGraphics.framework; path = System/Library/Frameworks/CoreGraphics.framework; sourceTree = SDKROOT; };
		5F3FB682140E8DB1001F6C07 /* TestApp-Info.plist */ = {isa = PBXFileReference; lastKnownFileType = text.plist.xml; path = "TestApp-Info.plist"; sourceTree = "<group>"; };
		5F3FB684140E8DB1001F6C07 /* en */ = {isa = PBXFileReference; lastKnownFileType = text.plist.strings; name = en; path = en.lproj/InfoPlist.strings; sourceTree = "<group>"; };
		5F3FB686140E8DB1001F6C07 /* TestApp-Prefix.pch */ = {isa = PBXFileReference; lastKnownFileType = sourcecode.c.h; path = "TestApp-Prefix.pch"; sourceTree = "<group>"; };
		5F3FB687140E8DB1001F6C07 /* main.m */ = {isa = PBXFileReference; lastKnownFileType = sourcecode.c.objc; path = main.m; sourceTree = "<group>"; };
		5F3FB689140E8DB1001F6C07 /* TestAppAppDelegate.h */ = {isa = PBXFileReference; lastKnownFileType = sourcecode.c.h; path = TestAppAppDelegate.h; sourceTree = "<group>"; };
		5F3FB68A140E8DB1001F6C07 /* TestAppAppDelegate.m */ = {isa = PBXFileReference; lastKnownFileType = sourcecode.c.objc; path = TestAppAppDelegate.m; sourceTree = "<group>"; };
		5F3FB68D140E8DB1001F6C07 /* en */ = {isa = PBXFileReference; lastKnownFileType = file.xib; name = en; path = en.lproj/MainWindow.xib; sourceTree = "<group>"; };
		5F3FB694140E90C2001F6C07 /* Controller.h */ = {isa = PBXFileReference; fileEncoding = 4; lastKnownFileType = sourcecode.c.h; path = Controller.h; sourceTree = "<group>"; };
		5F3FB695140E90C2001F6C07 /* Controller.m */ = {isa = PBXFileReference; fileEncoding = 4; lastKnownFileType = sourcecode.c.objc; path = Controller.m; sourceTree = "<group>"; };
/* End PBXFileReference section */

/* Begin PBXFrameworksBuildPhase section */
		5F3FB673140E8DB1001F6C07 /* Frameworks */ = {
			isa = PBXFrameworksBuildPhase;
			buildActionMask = 2147483647;
			files = (
				5F3FB67B140E8DB1001F6C07 /* UIKit.framework in Frameworks */,
				5F3FB67D140E8DB1001F6C07 /* Foundation.framework in Frameworks */,
				5F3FB67F140E8DB1001F6C07 /* CoreGraphics.framework in Frameworks */,
			);
			runOnlyForDeploymentPostprocessing = 0;
		};
/* End PBXFrameworksBuildPhase section */

/* Begin PBXGroup section */
		5F3FB66B140E8DB1001F6C07 = {
			isa = PBXGroup;
			children = (
				5F3FB680140E8DB1001F6C07 /* TestApp */,
				5F3FB679140E8DB1001F6C07 /* Frameworks */,
				5F3FB677140E8DB1001F6C07 /* Products */,
			);
			sourceTree = "<group>";
		};
		5F3FB677140E8DB1001F6C07 /* Products */ = {
			isa = PBXGroup;
			children = (
				5F3FB676140E8DB1001F6C07 /* TestApp.app */,
			);
			name = Products;
			sourceTree = "<group>";
		};
		5F3FB679140E8DB1001F6C07 /* Frameworks */ = {
			isa = PBXGroup;
			children = (
				5F3FB67A140E8DB1001F6C07 /* UIKit.framework */,
				5F3FB67C140E8DB1001F6C07 /* Foundation.framework */,
				5F3FB67E140E8DB1001F6C07 /* CoreGraphics.framework */,
			);
			name = Frameworks;
			sourceTree = "<group>";
		};
		5F3FB680140E8DB1001F6C07 /* TestApp */ = {
			isa = PBXGroup;
			children = (
				5F3FB689140E8DB1001F6C07 /* TestAppAppDelegate.h */,
				5F3FB68A140E8DB1001F6C07 /* TestAppAppDelegate.m */,
				5F3FB694140E90C2001F6C07 /* Controller.h */,
				5F3FB695140E90C2001F6C07 /* Controller.m */,
				5F3FB68C140E8DB1001F6C07 /* MainWindow.xib */,
				5F3FB681140E8DB1001F6C07 /* Supporting Files */,
			);
			path = TestApp;
			sourceTree = "<group>";
		};
		5F3FB681140E8DB1001F6C07 /* Supporting Files */ = {
			isa = PBXGroup;
			children = (
				5F3FB682140E8DB1001F6C07 /* TestApp-Info.plist */,
				5F3FB683140E8DB1001F6C07 /* InfoPlist.strings */,
				5F3FB686140E8DB1001F6C07 /* TestApp-Prefix.pch */,
				5F3FB687140E8DB1001F6C07 /* main.m */,
			);
			name = "Supporting Files";
			sourceTree = "<group>";
		};
/* End PBXGroup section */

/* Begin PBXNativeTarget section */
		5F3FB675140E8DB1001F6C07 /* TestApp */ = {
			isa = PBXNativeTarget;
			buildConfigurationList = 5F3FB691140E8DB1001F6C07 /* Build configuration list for PBXNativeTarget "TestApp" */;
			buildPhases = (
				5F3FB672140E8DB1001F6C07 /* Sources */,
				5F3FB673140E8DB1001F6C07 /* Frameworks */,
				5F3FB674140E8DB1001F6C07 /* Resources */,
			);
			buildRules = (
			);
			dependencies = (
			);
			name = TestApp;
			productName = TestApp;
			productReference = 5F3FB676140E8DB1001F6C07 /* TestApp.app */;
			productType = "com.apple.product-type.application";
		};
/* End PBXNativeTarget section */

/* Begin PBXProject section */
		5F3FB66D140E8DB1001F6C07 /* Project object */ = {
			isa = PBXProject;
			attributes = {
				LastUpgradeCheck = 0430;
			};
			buildConfigurationList = 5F3FB670140E8DB1001F6C07 /* Build configuration list for PBXProject "TestApp" */;
			compatibilityVersion = "Xcode 3.2";
			developmentRegion = English;
			hasScannedForEncodings = 0;
			knownRegions = (
				en,
			);
			mainGroup = 5F3FB66B140E8DB1001F6C07;
			productRefGroup = 5F3FB677140E8DB1001F6C07 /* Products */;
			projectDirPath = "";
			projectRoot = "";
			targets = (
				5F3FB675140E8DB1001F6C07 /* TestApp */,
			);
		};
/* End PBXProject section */

/* Begin PBXResourcesBuildPhase section */
		5F3FB674140E8DB1001F6C07 /* Resources */ = {
			isa = PBXResourcesBuildPhase;
			buildActionMask = 2147483647;
			files = (
				5F3FB685140E8DB1001F6C07 /* InfoPlist.strings in Resources */,
				5F3FB68E140E8DB1001F6C07 /* MainWindow.xib in Resources */,
			);
			runOnlyForDeploymentPostprocessing = 0;
		};
/* End PBXResourcesBuildPhase section */

/* Begin PBXSourcesBuildPhase section */
		5F3FB672140E8DB1001F6C07 /* Sources */ = {
			isa = PBXSourcesBuildPhase;
			buildActionMask = 2147483647;
			files = (
				5F3FB688140E8DB1001F6C07 /* main.m in Sources */,
				5F3FB68B140E8DB1001F6C07 /* TestAppAppDelegate.m in Sources */,
				5F3FB696140E90C2001F6C07 /* Controller.m in Sources */,
			);
			runOnlyForDeploymentPostprocessing = 0;
		};
/* End PBXSourcesBuildPhase section */

/* Begin PBXVariantGroup section */
		5F3FB683140E8DB1001F6C07 /* InfoPlist.strings */ = {
			isa = PBXVariantGroup;
			children = (
				5F3FB684140E8DB1001F6C07 /* en */,
			);
			name = InfoPlist.strings;
			sourceTree = "<group>";
		};
		5F3FB68C140E8DB1001F6C07 /* MainWindow.xib */ = {
			isa = PBXVariantGroup;
			children = (
				5F3FB68D140E8DB1001F6C07 /* en */,
			);
			name = MainWindow.xib;
			sourceTree = "<group>";
		};
/* End PBXVariantGroup section */

/* Begin XCBuildConfiguration section */
		5F3FB68F140E8DB1001F6C07 /* Debug */ = {
			isa = XCBuildConfiguration;
			buildSettings = {
				ARCHS = "$(ARCHS_STANDARD_32_BIT)";
				"CODE_SIGN_IDENTITY[sdk=iphoneos*]" = "iPhone Developer";
				GCC_C_LANGUAGE_STANDARD = gnu99;
				GCC_OPTIMIZATION_LEVEL = 0;
				GCC_PREPROCESSOR_DEFINITIONS = DEBUG;
				GCC_SYMBOLS_PRIVATE_EXTERN = NO;
				GCC_VERSION = com.apple.compilers.llvmgcc42;
				GCC_WARN_ABOUT_RETURN_TYPE = YES;
				GCC_WARN_UNUSED_VARIABLE = YES;
				IPHONEOS_DEPLOYMENT_TARGET = 4.3;
				SDKROOT = iphoneos;
			};
			name = Debug;
		};
		5F3FB690140E8DB1001F6C07 /* Release */ = {
			isa = XCBuildConfiguration;
			buildSettings = {
				ARCHS = "$(ARCHS_STANDARD_32_BIT)";
				"CODE_SIGN_IDENTITY[sdk=iphoneos*]" = "iPhone Developer";
				GCC_C_LANGUAGE_STANDARD = gnu99;
				GCC_VERSION = com.apple.compilers.llvmgcc42;
				GCC_WARN_ABOUT_RETURN_TYPE = YES;
				GCC_WARN_UNUSED_VARIABLE = YES;
				IPHONEOS_DEPLOYMENT_TARGET = 4.3;
				OTHER_CFLAGS = "-DNS_BLOCK_ASSERTIONS=1";
				SDKROOT = iphoneos;
			};
			name = Release;
		};
		5F3FB692140E8DB1001F6C07 /* Debug */ = {
			isa = XCBuildConfiguration;
			buildSettings = {
				ALWAYS_SEARCH_USER_PATHS = NO;
				COPY_PHASE_STRIP = NO;
				GCC_DYNAMIC_NO_PIC = NO;
				GCC_PRECOMPILE_PREFIX_HEADER = YES;
				GCC_PREFIX_HEADER = "TestApp/TestApp-Prefix.pch";
				GCC_VERSION = com.apple.compilers.llvm.clang.1_0;
				INFOPLIST_FILE = "TestApp/TestApp-Info.plist";
				IPHONEOS_DEPLOYMENT_TARGET = 4.3;
				PRODUCT_NAME = "$(TARGET_NAME)";
				WRAPPER_EXTENSION = app;
			};
			name = Debug;
		};
		5F3FB693140E8DB1001F6C07 /* Release */ = {
			isa = XCBuildConfiguration;
			buildSettings = {
				ALWAYS_SEARCH_USER_PATHS = NO;
				COPY_PHASE_STRIP = YES;
				GCC_PRECOMPILE_PREFIX_HEADER = YES;
				GCC_PREFIX_HEADER = "TestApp/TestApp-Prefix.pch";
				GCC_VERSION = com.apple.compilers.llvm.clang.1_0;
				INFOPLIST_FILE = "TestApp/TestApp-Info.plist";
				IPHONEOS_DEPLOYMENT_TARGET = 4.3;
				PRODUCT_NAME = "$(TARGET_NAME)";
				VALIDATE_PRODUCT = YES;
				WRAPPER_EXTENSION = app;
			};
			name = Release;
		};
/* End XCBuildConfiguration section */

/* Begin XCConfigurationList section */
		5F3FB670140E8DB1001F6C07 /* Build configuration list for PBXProject "TestApp" */ = {
			isa = XCConfigurationList;
			buildConfigurations = (
				5F3FB68F140E8DB1001F6C07 /* Debug */,
				5F3FB690140E8DB1001F6C07 /* Release */,
			);
			defaultConfigurationIsVisible = 0;
			defaultConfigurationName = Release;
		};
		5F3FB691140E8DB1001F6C07 /* Build configuration list for PBXNativeTarget "TestApp" */ = {
			isa = XCConfigurationList;
			buildConfigurations = (
				5F3FB692140E8DB1001F6C07 /* Debug */,
				5F3FB693140E8DB1001F6C07 /* Release */,
			);
			defaultConfigurationIsVisible = 0;
			defaultConfigurationName = Release;
		};
/* End XCConfigurationList section */
	};
	rootObject = 5F3FB66D140E8DB1001F6C07 /* Project object */;
}
