// !$*UTF8*$!
{
	archiveVersion = 1;
	classes = {
	};
	objectVersion = 46;
	objects = {

/* Begin PBXBuildFile section */
		5F135463143377610048F7B3 /* UIKit.framework in Frameworks */ = {isa = PBXBuildFile; fileRef = 5F135462143377610048F7B3 /* UIKit.framework */; };
		5F135465143377610048F7B3 /* Foundation.framework in Frameworks */ = {isa = PBXBuildFile; fileRef = 5F135464143377610048F7B3 /* Foundation.framework */; };
		5F135467143377610048F7B3 /* CoreGraphics.framework in Frameworks */ = {isa = PBXBuildFile; fileRef = 5F135466143377610048F7B3 /* CoreGraphics.framework */; };
		5F13546D143377610048F7B3 /* InfoPlist.strings in Resources */ = {isa = PBXBuildFile; fileRef = 5F13546B143377610048F7B3 /* InfoPlist.strings */; };
		5F135470143377610048F7B3 /* main.m in Sources */ = {isa = PBXBuildFile; fileRef = 5F13546F143377610048F7B3 /* main.m */; };
		5F135473143377610048F7B3 /* CoolVCAppDelegate.m in Sources */ = {isa = PBXBuildFile; fileRef = 5F135472143377610048F7B3 /* CoolVCAppDelegate.m */; };
		5F135476143377610048F7B3 /* MainWindow.xib in Resources */ = {isa = PBXBuildFile; fileRef = 5F135474143377610048F7B3 /* MainWindow.xib */; };
		5F13547F143378320048F7B3 /* FirstVC.m in Sources */ = {isa = PBXBuildFile; fileRef = 5F13547D143378320048F7B3 /* FirstVC.m */; };
		5F135480143378320048F7B3 /* FirstVC.xib in Resources */ = {isa = PBXBuildFile; fileRef = 5F13547E143378320048F7B3 /* FirstVC.xib */; };
		5F13548414337B4F0048F7B3 /* SecondVC.m in Sources */ = {isa = PBXBuildFile; fileRef = 5F13548214337B4F0048F7B3 /* SecondVC.m */; };
		5F13548514337B4F0048F7B3 /* SecondVC.xib in Resources */ = {isa = PBXBuildFile; fileRef = 5F13548314337B4F0048F7B3 /* SecondVC.xib */; };
/* End PBXBuildFile section */

/* Begin PBXFileReference section */
		5F13545E143377610048F7B3 /* CoolVC.app */ = {isa = PBXFileReference; explicitFileType = wrapper.application; includeInIndex = 0; path = CoolVC.app; sourceTree = BUILT_PRODUCTS_DIR; };
		5F135462143377610048F7B3 /* UIKit.framework */ = {isa = PBXFileReference; lastKnownFileType = wrapper.framework; name = UIKit.framework; path = System/Library/Frameworks/UIKit.framework; sourceTree = SDKROOT; };
		5F135464143377610048F7B3 /* Foundation.framework */ = {isa = PBXFileReference; lastKnownFileType = wrapper.framework; name = Foundation.framework; path = System/Library/Frameworks/Foundation.framework; sourceTree = SDKROOT; };
		5F135466143377610048F7B3 /* CoreGraphics.framework */ = {isa = PBXFileReference; lastKnownFileType = wrapper.framework; name = CoreGraphics.framework; path = System/Library/Frameworks/CoreGraphics.framework; sourceTree = SDKROOT; };
		5F13546A143377610048F7B3 /* CoolVC-Info.plist */ = {isa = PBXFileReference; lastKnownFileType = text.plist.xml; path = "CoolVC-Info.plist"; sourceTree = "<group>"; };
		5F13546C143377610048F7B3 /* en */ = {isa = PBXFileReference; lastKnownFileType = text.plist.strings; name = en; path = en.lproj/InfoPlist.strings; sourceTree = "<group>"; };
		5F13546E143377610048F7B3 /* CoolVC-Prefix.pch */ = {isa = PBXFileReference; lastKnownFileType = sourcecode.c.h; path = "CoolVC-Prefix.pch"; sourceTree = "<group>"; };
		5F13546F143377610048F7B3 /* main.m */ = {isa = PBXFileReference; lastKnownFileType = sourcecode.c.objc; path = main.m; sourceTree = "<group>"; };
		5F135471143377610048F7B3 /* CoolVCAppDelegate.h */ = {isa = PBXFileReference; lastKnownFileType = sourcecode.c.h; path = CoolVCAppDelegate.h; sourceTree = "<group>"; };
		5F135472143377610048F7B3 /* CoolVCAppDelegate.m */ = {isa = PBXFileReference; lastKnownFileType = sourcecode.c.objc; path = CoolVCAppDelegate.m; sourceTree = "<group>"; };
		5F135475143377610048F7B3 /* en */ = {isa = PBXFileReference; lastKnownFileType = file.xib; name = en; path = en.lproj/MainWindow.xib; sourceTree = "<group>"; };
		5F13547C143378320048F7B3 /* FirstVC.h */ = {isa = PBXFileReference; fileEncoding = 4; lastKnownFileType = sourcecode.c.h; path = FirstVC.h; sourceTree = "<group>"; };
		5F13547D143378320048F7B3 /* FirstVC.m */ = {isa = PBXFileReference; fileEncoding = 4; lastKnownFileType = sourcecode.c.objc; path = FirstVC.m; sourceTree = "<group>"; };
		5F13547E143378320048F7B3 /* FirstVC.xib */ = {isa = PBXFileReference; fileEncoding = 4; lastKnownFileType = file.xib; path = FirstVC.xib; sourceTree = "<group>"; };
		5F13548114337B4F0048F7B3 /* SecondVC.h */ = {isa = PBXFileReference; fileEncoding = 4; lastKnownFileType = sourcecode.c.h; path = SecondVC.h; sourceTree = "<group>"; };
		5F13548214337B4F0048F7B3 /* SecondVC.m */ = {isa = PBXFileReference; fileEncoding = 4; lastKnownFileType = sourcecode.c.objc; path = SecondVC.m; sourceTree = "<group>"; };
		5F13548314337B4F0048F7B3 /* SecondVC.xib */ = {isa = PBXFileReference; fileEncoding = 4; lastKnownFileType = file.xib; path = SecondVC.xib; sourceTree = "<group>"; };
/* End PBXFileReference section */

/* Begin PBXFrameworksBuildPhase section */
		5F13545B143377610048F7B3 /* Frameworks */ = {
			isa = PBXFrameworksBuildPhase;
			buildActionMask = 2147483647;
			files = (
				5F135463143377610048F7B3 /* UIKit.framework in Frameworks */,
				5F135465143377610048F7B3 /* Foundation.framework in Frameworks */,
				5F135467143377610048F7B3 /* CoreGraphics.framework in Frameworks */,
			);
			runOnlyForDeploymentPostprocessing = 0;
		};
/* End PBXFrameworksBuildPhase section */

/* Begin PBXGroup section */
		5F135453143377610048F7B3 = {
			isa = PBXGroup;
			children = (
				5F135468143377610048F7B3 /* CoolVC */,
				5F135461143377610048F7B3 /* Frameworks */,
				5F13545F143377610048F7B3 /* Products */,
			);
			sourceTree = "<group>";
		};
		5F13545F143377610048F7B3 /* Products */ = {
			isa = PBXGroup;
			children = (
				5F13545E143377610048F7B3 /* CoolVC.app */,
			);
			name = Products;
			sourceTree = "<group>";
		};
		5F135461143377610048F7B3 /* Frameworks */ = {
			isa = PBXGroup;
			children = (
				5F135462143377610048F7B3 /* UIKit.framework */,
				5F135464143377610048F7B3 /* Foundation.framework */,
				5F135466143377610048F7B3 /* CoreGraphics.framework */,
			);
			name = Frameworks;
			sourceTree = "<group>";
		};
		5F135468143377610048F7B3 /* CoolVC */ = {
			isa = PBXGroup;
			children = (
				5F135471143377610048F7B3 /* CoolVCAppDelegate.h */,
				5F135472143377610048F7B3 /* CoolVCAppDelegate.m */,
				5F13547C143378320048F7B3 /* FirstVC.h */,
				5F13547D143378320048F7B3 /* FirstVC.m */,
				5F13547E143378320048F7B3 /* FirstVC.xib */,
				5F13548114337B4F0048F7B3 /* SecondVC.h */,
				5F13548214337B4F0048F7B3 /* SecondVC.m */,
				5F13548314337B4F0048F7B3 /* SecondVC.xib */,
				5F135474143377610048F7B3 /* MainWindow.xib */,
				5F135469143377610048F7B3 /* Supporting Files */,
			);
			path = CoolVC;
			sourceTree = "<group>";
		};
		5F135469143377610048F7B3 /* Supporting Files */ = {
			isa = PBXGroup;
			children = (
				5F13546A143377610048F7B3 /* CoolVC-Info.plist */,
				5F13546B143377610048F7B3 /* InfoPlist.strings */,
				5F13546E143377610048F7B3 /* CoolVC-Prefix.pch */,
				5F13546F143377610048F7B3 /* main.m */,
			);
			name = "Supporting Files";
			sourceTree = "<group>";
		};
/* End PBXGroup section */

/* Begin PBXNativeTarget section */
		5F13545D143377610048F7B3 /* CoolVC */ = {
			isa = PBXNativeTarget;
			buildConfigurationList = 5F135479143377610048F7B3 /* Build configuration list for PBXNativeTarget "CoolVC" */;
			buildPhases = (
				5F13545A143377610048F7B3 /* Sources */,
				5F13545B143377610048F7B3 /* Frameworks */,
				5F13545C143377610048F7B3 /* Resources */,
			);
			buildRules = (
			);
			dependencies = (
			);
			name = CoolVC;
			productName = CoolVC;
			productReference = 5F13545E143377610048F7B3 /* CoolVC.app */;
			productType = "com.apple.product-type.application";
		};
/* End PBXNativeTarget section */

/* Begin PBXProject section */
		5F135455143377610048F7B3 /* Project object */ = {
			isa = PBXProject;
			attributes = {
				LastUpgradeCheck = 0430;
			};
			buildConfigurationList = 5F135458143377610048F7B3 /* Build configuration list for PBXProject "CoolVC" */;
			compatibilityVersion = "Xcode 3.2";
			developmentRegion = English;
			hasScannedForEncodings = 0;
			knownRegions = (
				en,
			);
			mainGroup = 5F135453143377610048F7B3;
			productRefGroup = 5F13545F143377610048F7B3 /* Products */;
			projectDirPath = "";
			projectRoot = "";
			targets = (
				5F13545D143377610048F7B3 /* CoolVC */,
			);
		};
/* End PBXProject section */

/* Begin PBXResourcesBuildPhase section */
		5F13545C143377610048F7B3 /* Resources */ = {
			isa = PBXResourcesBuildPhase;
			buildActionMask = 2147483647;
			files = (
				5F13546D143377610048F7B3 /* InfoPlist.strings in Resources */,
				5F135476143377610048F7B3 /* MainWindow.xib in Resources */,
				5F135480143378320048F7B3 /* FirstVC.xib in Resources */,
				5F13548514337B4F0048F7B3 /* SecondVC.xib in Resources */,
			);
			runOnlyForDeploymentPostprocessing = 0;
		};
/* End PBXResourcesBuildPhase section */

/* Begin PBXSourcesBuildPhase section */
		5F13545A143377610048F7B3 /* Sources */ = {
			isa = PBXSourcesBuildPhase;
			buildActionMask = 2147483647;
			files = (
				5F135470143377610048F7B3 /* main.m in Sources */,
				5F135473143377610048F7B3 /* CoolVCAppDelegate.m in Sources */,
				5F13547F143378320048F7B3 /* FirstVC.m in Sources */,
				5F13548414337B4F0048F7B3 /* SecondVC.m in Sources */,
			);
			runOnlyForDeploymentPostprocessing = 0;
		};
/* End PBXSourcesBuildPhase section */

/* Begin PBXVariantGroup section */
		5F13546B143377610048F7B3 /* InfoPlist.strings */ = {
			isa = PBXVariantGroup;
			children = (
				5F13546C143377610048F7B3 /* en */,
			);
			name = InfoPlist.strings;
			sourceTree = "<group>";
		};
		5F135474143377610048F7B3 /* MainWindow.xib */ = {
			isa = PBXVariantGroup;
			children = (
				5F135475143377610048F7B3 /* en */,
			);
			name = MainWindow.xib;
			sourceTree = "<group>";
		};
/* End PBXVariantGroup section */

/* Begin XCBuildConfiguration section */
		5F135477143377610048F7B3 /* Debug */ = {
			isa = XCBuildConfiguration;
			buildSettings = {
				ARCHS = "$(ARCHS_STANDARD_32_BIT)";
				"CODE_SIGN_IDENTITY[sdk=iphoneos*]" = "iPhone Developer";
				GCC_C_LANGUAGE_STANDARD = gnu99;
				GCC_OPTIMIZATION_LEVEL = 0;
				GCC_PREPROCESSOR_DEFINITIONS = DEBUG;
				GCC_SYMBOLS_PRIVATE_EXTERN = NO;
				GCC_VERSION = com.apple.compilers.llvmgcc42;
				GCC_WARN_ABOUT_RETURN_TYPE = YES;
				GCC_WARN_UNUSED_VARIABLE = YES;
				IPHONEOS_DEPLOYMENT_TARGET = 4.3;
				SDKROOT = iphoneos;
			};
			name = Debug;
		};
		5F135478143377610048F7B3 /* Release */ = {
			isa = XCBuildConfiguration;
			buildSettings = {
				ARCHS = "$(ARCHS_STANDARD_32_BIT)";
				"CODE_SIGN_IDENTITY[sdk=iphoneos*]" = "iPhone Developer";
				GCC_C_LANGUAGE_STANDARD = gnu99;
				GCC_VERSION = com.apple.compilers.llvmgcc42;
				GCC_WARN_ABOUT_RETURN_TYPE = YES;
				GCC_WARN_UNUSED_VARIABLE = YES;
				IPHONEOS_DEPLOYMENT_TARGET = 4.3;
				OTHER_CFLAGS = "-DNS_BLOCK_ASSERTIONS=1";
				SDKROOT = iphoneos;
			};
			name = Release;
		};
		5F13547A143377610048F7B3 /* Debug */ = {
			isa = XCBuildConfiguration;
			buildSettings = {
				ALWAYS_SEARCH_USER_PATHS = NO;
				COPY_PHASE_STRIP = NO;
				GCC_DYNAMIC_NO_PIC = NO;
				GCC_PRECOMPILE_PREFIX_HEADER = YES;
				GCC_PREFIX_HEADER = "CoolVC/CoolVC-Prefix.pch";
				GCC_VERSION = com.apple.compilers.llvm.clang.1_0;
				INFOPLIST_FILE = "CoolVC/CoolVC-Info.plist";
				PRODUCT_NAME = "$(TARGET_NAME)";
				WRAPPER_EXTENSION = app;
			};
			name = Debug;
		};
		5F13547B143377610048F7B3 /* Release */ = {
			isa = XCBuildConfiguration;
			buildSettings = {
				ALWAYS_SEARCH_USER_PATHS = NO;
				COPY_PHASE_STRIP = YES;
				GCC_PRECOMPILE_PREFIX_HEADER = YES;
				GCC_PREFIX_HEADER = "CoolVC/CoolVC-Prefix.pch";
				GCC_VERSION = com.apple.compilers.llvm.clang.1_0;
				INFOPLIST_FILE = "CoolVC/CoolVC-Info.plist";
				PRODUCT_NAME = "$(TARGET_NAME)";
				VALIDATE_PRODUCT = YES;
				WRAPPER_EXTENSION = app;
			};
			name = Release;
		};
/* End XCBuildConfiguration section */

/* Begin XCConfigurationList section */
		5F135458143377610048F7B3 /* Build configuration list for PBXProject "CoolVC" */ = {
			isa = XCConfigurationList;
			buildConfigurations = (
				5F135477143377610048F7B3 /* Debug */,
				5F135478143377610048F7B3 /* Release */,
			);
			defaultConfigurationIsVisible = 0;
			defaultConfigurationName = Release;
		};
		5F135479143377610048F7B3 /* Build configuration list for PBXNativeTarget "CoolVC" */ = {
			isa = XCConfigurationList;
			buildConfigurations = (
				5F13547A143377610048F7B3 /* Debug */,
				5F13547B143377610048F7B3 /* Release */,
			);
			defaultConfigurationIsVisible = 0;
			defaultConfigurationName = Release;
		};
/* End XCConfigurationList section */
	};
	rootObject = 5F135455143377610048F7B3 /* Project object */;
}
